
Microsoft Visual Studio Solution File, Format Version 12.00
# Visual Studio 15
VisualStudioVersion = 15.0.28010.2048
MinimumVisualStudioVersion = 10.0.40219.1
Project("{FAE04EC0-301F-11D3-BF4B-00C04F79EFBC}") = "APIUsers", "APIUsers\APIUsers.csproj", "{9FDBED47-E85E-4B69-9469-2ECA566D9296}"
EndProject
Global
	GlobalSection(SolutionConfigurationPlatforms) = preSolution
		Debug|Any CPU = Debug|Any CPU
		Release|Any CPU = Release|Any CPU
	EndGlobalSection
	GlobalSection(ProjectConfigurationPlatforms) = postSolution
		{9FDBED47-E85E-4B69-9469-2ECA566D9296}.Debug|Any CPU.ActiveCfg = Debug|Any CPU
		{9FDBED47-E85E-4B69-9469-2ECA566D9296}.Debug|Any CPU.Build.0 = Debug|Any CPU
		{9FDBED47-E85E-4B69-9469-2ECA566D9296}.Release|Any CPU.ActiveCfg = Release|Any CPU
		{9FDBED47-E85E-4B69-9469-2ECA566D9296}.Release|Any CPU.Build.0 = Release|Any CPU
	EndGlobalSection
	GlobalSection(SolutionProperties) = preSolution
		HideSolutionNode = FALSE
	EndGlobalSection
	GlobalSection(ExtensibilityGlobals) = postSolution
		SolutionGuid = {A3D3CB7A-89A1-41F8-9EB4-66A6AEB09E0F}
	EndGlobalSection
EndGlobal
